
Microsoft Visual Studio Solution File, Format Version 12.00
# Visual Studio Version 16
VisualStudioVersion = 16.0.31321.278
MinimumVisualStudioVersion = 10.0.40219.1
Project("{9A19103F-16F7-4668-BE54-9A1E7A4F7556}") = "HttpTriggerSample", "HttpTriggerSample\HttpTriggerSample.csproj", "{ABF15A28-BAC8-496F-9199-47CA01217676}"
EndProject
Project("{9A19103F-16F7-4668-BE54-9A1E7A4F7556}") = "BlazorFaaS", "BlazorFaaS\BlazorFaaS.csproj", "{1DDBC916-D69C-43CA-B253-8FCCDED08E1C}"
EndProject
Project("{2150E333-8FDC-42A3-9474-1A3956D46DE8}") = "Solution Items", "Solution Items", "{99401FB6-54F2-49D8-89C1-A2A03F1D8D5F}"
EndProject
Global
	GlobalSection(SolutionConfigurationPlatforms) = preSolution
		Debug|Any CPU = Debug|Any CPU
		Release|Any CPU = Release|Any CPU
	EndGlobalSection
	GlobalSection(ProjectConfigurationPlatforms) = postSolution
		{ABF15A28-BAC8-496F-9199-47CA01217676}.Debug|Any CPU.ActiveCfg = Debug|Any CPU
		{ABF15A28-BAC8-496F-9199-47CA01217676}.Debug|Any CPU.Build.0 = Debug|Any CPU
		{ABF15A28-BAC8-496F-9199-47CA01217676}.Release|Any CPU.ActiveCfg = Release|Any CPU
		{ABF15A28-BAC8-496F-9199-47CA01217676}.Release|Any CPU.Build.0 = Release|Any CPU
		{1DDBC916-D69C-43CA-B253-8FCCDED08E1C}.Debug|Any CPU.ActiveCfg = Debug|Any CPU
		{1DDBC916-D69C-43CA-B253-8FCCDED08E1C}.Debug|Any CPU.Build.0 = Debug|Any CPU
		{1DDBC916-D69C-43CA-B253-8FCCDED08E1C}.Release|Any CPU.ActiveCfg = Release|Any CPU
		{1DDBC916-D69C-43CA-B253-8FCCDED08E1C}.Release|Any CPU.Build.0 = Release|Any CPU
	EndGlobalSection
	GlobalSection(SolutionProperties) = preSolution
		HideSolutionNode = FALSE
	EndGlobalSection
	GlobalSection(ExtensibilityGlobals) = postSolution
		SolutionGuid = {F2774D5E-1F00-43E0-A094-195560014075}
	EndGlobalSection
EndGlobal
